
Microsoft Visual Studio Solution File, Format Version 12.00
Project("{FAE04EC0-301F-11D3-BF4B-00C04F79EFBC}") = "FunctionsAppDemo", "FunctionsAppDemo\FunctionsAppDemo.csproj", "{A6B9C9EB-E850-412B-9342-4E794923C989}"
EndProject
Project("{FAE04EC0-301F-11D3-BF4B-00C04F79EFBC}") = "FunctionsAppDemo.Tests", "FunctionsAppDemo.Tests\FunctionsAppDemo.Tests.csproj", "{48490841-F8E8-4EAC-840B-8AEF7BF845F1}"
EndProject
Global
	GlobalSection(SolutionConfigurationPlatforms) = preSolution
		Debug|Any CPU = Debug|Any CPU
		Release|Any CPU = Release|Any CPU
	EndGlobalSection
	GlobalSection(ProjectConfigurationPlatforms) = postSolution
		{A6B9C9EB-E850-412B-9342-4E794923C989}.Debug|Any CPU.ActiveCfg = Debug|Any CPU
		{A6B9C9EB-E850-412B-9342-4E794923C989}.Debug|Any CPU.Build.0 = Debug|Any CPU
		{A6B9C9EB-E850-412B-9342-4E794923C989}.Release|Any CPU.ActiveCfg = Release|Any CPU
		{A6B9C9EB-E850-412B-9342-4E794923C989}.Release|Any CPU.Build.0 = Release|Any CPU
		{48490841-F8E8-4EAC-840B-8AEF7BF845F1}.Debug|Any CPU.ActiveCfg = Debug|Any CPU
		{48490841-F8E8-4EAC-840B-8AEF7BF845F1}.Debug|Any CPU.Build.0 = Debug|Any CPU
		{48490841-F8E8-4EAC-840B-8AEF7BF845F1}.Release|Any CPU.ActiveCfg = Release|Any CPU
		{48490841-F8E8-4EAC-840B-8AEF7BF845F1}.Release|Any CPU.Build.0 = Release|Any CPU
	EndGlobalSection
EndGlobal
